
Microsoft Visual Studio Solution File, Format Version 12.00
# Visual Studio Version 17
VisualStudioVersion = 17.8.34309.116
MinimumVisualStudioVersion = 10.0.40219.1
Project("{FAE04EC0-301F-11D3-BF4B-00C04F79EFBC}") = "testprojetgithub", "testprojetgithub.csproj", "{2EAF957A-7908-40AD-86AD-B70E1C581068}"
EndProject
Global
	GlobalSection(SolutionConfigurationPlatforms) = preSolution
		Debug|Any CPU = Debug|Any CPU
		Release|Any CPU = Release|Any CPU
	EndGlobalSection
	GlobalSection(ProjectConfigurationPlatforms) = postSolution
		{2EAF957A-7908-40AD-86AD-B70E1C581068}.Debug|Any CPU.ActiveCfg = Debug|Any CPU
		{2EAF957A-7908-40AD-86AD-B70E1C581068}.Debug|Any CPU.Build.0 = Debug|Any CPU
		{2EAF957A-7908-40AD-86AD-B70E1C581068}.Release|Any CPU.ActiveCfg = Release|Any CPU
		{2EAF957A-7908-40AD-86AD-B70E1C581068}.Release|Any CPU.Build.0 = Release|Any CPU
	EndGlobalSection
	GlobalSection(SolutionProperties) = preSolution
		HideSolutionNode = FALSE
	EndGlobalSection
	GlobalSection(ExtensibilityGlobals) = postSolution
		SolutionGuid = {A372821C-08AF-4191-9F51-CCF0E64FC383}
	EndGlobalSection
EndGlobal
